
Microsoft Visual Studio Solution File, Format Version 12.00
# Visual Studio Version 17
VisualStudioVersion = 17.11.35222.181
MinimumVisualStudioVersion = 10.0.40219.1
Project("{9A19103F-16F7-4668-BE54-9A1E7A4F7556}") = "ZO.LOM.APP", "ZO.LOM.App\ZO.LOM.APP.csproj", "{10A4C728-01C1-41C3-AE15-A48B433CE3C4}"
EndProject
Global
	GlobalSection(SolutionConfigurationPlatforms) = preSolution
		Debug|Any CPU = Debug|Any CPU
		GitRelease|Any CPU = GitRelease|Any CPU
		Release|Any CPU = Release|Any CPU
	EndGlobalSection
	GlobalSection(ProjectConfigurationPlatforms) = postSolution
		{10A4C728-01C1-41C3-AE15-A48B433CE3C4}.Debug|Any CPU.ActiveCfg = Debug|Any CPU
		{10A4C728-01C1-41C3-AE15-A48B433CE3C4}.Debug|Any CPU.Build.0 = Debug|Any CPU
		{10A4C728-01C1-41C3-AE15-A48B433CE3C4}.GitRelease|Any CPU.ActiveCfg = GitRelease|Any CPU
		{10A4C728-01C1-41C3-AE15-A48B433CE3C4}.GitRelease|Any CPU.Build.0 = GitRelease|Any CPU
		{10A4C728-01C1-41C3-AE15-A48B433CE3C4}.Release|Any CPU.ActiveCfg = Release|Any CPU
		{10A4C728-01C1-41C3-AE15-A48B433CE3C4}.Release|Any CPU.Build.0 = Release|Any CPU
	EndGlobalSection
	GlobalSection(SolutionProperties) = preSolution
		HideSolutionNode = FALSE
	EndGlobalSection
	GlobalSection(ExtensibilityGlobals) = postSolution
		SolutionGuid = {EF1C17BE-3373-4612-A315-77878D7D42B8}
	EndGlobalSection
EndGlobal
