
Microsoft Visual Studio Solution File, Format Version 12.00
# Visual Studio Version 17
VisualStudioVersion = 17.11.35327.3
MinimumVisualStudioVersion = 10.0.40219.1
Project("{9A19103F-16F7-4668-BE54-9A1E7A4F7556}") = "LoadOrderManager", "LoadOrderManager.csproj", "{48745582-B68E-4928-AE33-66BDB573DD55}"
EndProject
Global
	GlobalSection(SolutionConfigurationPlatforms) = preSolution
		Debug|Any CPU = Debug|Any CPU
		GitPublish|Any CPU = GitPublish|Any CPU
		GitRelease|Any CPU = GitRelease|Any CPU
		Release|Any CPU = Release|Any CPU
	EndGlobalSection
	GlobalSection(ProjectConfigurationPlatforms) = postSolution
		{48745582-B68E-4928-AE33-66BDB573DD55}.Debug|Any CPU.ActiveCfg = Debug|Any CPU
		{48745582-B68E-4928-AE33-66BDB573DD55}.Debug|Any CPU.Build.0 = Debug|Any CPU
		{48745582-B68E-4928-AE33-66BDB573DD55}.GitPublish|Any CPU.ActiveCfg = GitPublish|Any CPU
		{48745582-B68E-4928-AE33-66BDB573DD55}.GitPublish|Any CPU.Build.0 = GitPublish|Any CPU
		{48745582-B68E-4928-AE33-66BDB573DD55}.GitRelease|Any CPU.ActiveCfg = GitRelease|Any CPU
		{48745582-B68E-4928-AE33-66BDB573DD55}.GitRelease|Any CPU.Build.0 = GitRelease|Any CPU
		{48745582-B68E-4928-AE33-66BDB573DD55}.Release|Any CPU.ActiveCfg = Release|Any CPU
		{48745582-B68E-4928-AE33-66BDB573DD55}.Release|Any CPU.Build.0 = Release|Any CPU
	EndGlobalSection
	GlobalSection(SolutionProperties) = preSolution
		HideSolutionNode = FALSE
	EndGlobalSection
	GlobalSection(ExtensibilityGlobals) = postSolution
		SolutionGuid = {5DC5FE43-7012-4C43-B13A-A64502509242}
	EndGlobalSection
EndGlobal
